{
    "_readme": [
        "This file locks the dependencies of your project to a known state",
        "Read more about it at https://getcomposer.org/doc/01-basic-usage.md#composer-lock-the-lock-file",
        "This file is @generated automatically"
    ],
    "hash": "0521f4fd139b7847eae3a37e15e04c0a",
    "content-hash": "390f43470b9eefbbc498532af393c860",
    "packages": [
        {
            "name": "testing/cinstaller",
            "version": "dev-master",
            "source": {
                "type": "git",
                "url": "https://github.com/recyger/composer.git",
                "reference": "927faaed966191dcd711d3aaaee5391b9f46a292"
            },
            "dist": {
                "type": "zip",
                "url": "https://api.github.com/repos/recyger/composer/zipball/927faaed966191dcd711d3aaaee5391b9f46a292",
                "reference": "927faaed966191dcd711d3aaaee5391b9f46a292",
                "shasum": ""
            },
            "require": {
                "composer-plugin-api": "^1.0"
            },
            "type": "composer-plugin",
            "extra": {
                "class": "testing\\composer\\Plugin"
            },
            "autoload": {
                "psr-4": {
                    "testing\\composer\\": ""
                }
            },
            "notification-url": "http://packagist.itass.local/downloads/",
            "license": [
                "proprietary"
            ],
            "authors": [
                {
                    "name": "author's name",
                    "email": "email@example.com"
                }
            ],
            "description": "description_text",
            "time": "2016-04-01 14:16:23"
        },
        {
            "name": "testing/common",
            "version": "dev-master",
            "source": {
                "type": "git",
                "url": "https://github.com/recyger/common.git",
                "reference": "3df696dcc0a8830bf8e85ab74cc22ffcec00b433"
            },
            "dist": {
                "type": "zip",
                "url": "https://api.github.com/repos/recyger/common/zipball/3df696dcc0a8830bf8e85ab74cc22ffcec00b433",
                "reference": "3df696dcc0a8830bf8e85ab74cc22ffcec00b433",
                "shasum": ""
            },
            "require": {
                "testing/cinstaller": "dev-master",
                "testing/lib": "dev-master"
            },
            "type": "test-common",
            "notification-url": "http://packagist.itass.local/downloads/",
            "license": [
                "proprietary"
            ],
            "authors": [
                {
                    "name": "author's name",
                    "email": "email@example.com"
                }
            ],
            "description": "description_text",
            "time": "2016-04-01 12:58:17"
        },
        {
            "name": "testing/lib",
            "version": "dev-master",
            "source": {
                "type": "git",
                "url": "https://github.com/recyger/lib.git",
                "reference": "a8879584937f97e02ffe6544cbe1f5b37383dede"
            },
            "dist": {
                "type": "zip",
                "url": "https://api.github.com/repos/recyger/lib/zipball/a8879584937f97e02ffe6544cbe1f5b37383dede",
                "reference": "a8879584937f97e02ffe6544cbe1f5b37383dede",
                "shasum": ""
            },
            "type": "test-lib",
            "notification-url": "http://packagist.itass.local/downloads/",
            "license": [
                "proprietary"
            ],
            "authors": [
                {
                    "name": "author's name",
                    "email": "email@example.com"
                }
            ],
            "description": "description_text",
            "time": "2016-04-01 14:37:13"
        }
    ],
    "packages-dev": [],
    "aliases": [],
    "minimum-stability": "dev",
    "stability-flags": {
        "testing/lib": 20,
        "testing/common": 20
    },
    "prefer-stable": false,
    "prefer-lowest": false,
    "platform": [],
    "platform-dev": []
}
