{
    "_readme": [
        "This file locks the dependencies of your project to a known state",
        "Read more about it at https://getcomposer.org/doc/01-basic-usage.md#composer-lock-the-lock-file",
        "This file is @generated automatically"
    ],
    "hash": "804c66c9b2eecb813e11205dd7ed279e",
    "content-hash": "5a2f022e88b4041b90b4a713170acd87",
    "packages": [
        {
            "name": "recyger/lib",
            "version": "dev-master",
            "source": {
                "type": "git",
                "url": "https://github.com/recyger/lib.git",
                "reference": "5187954310b262826f0b71e7d76a510fa309437d"
            },
            "dist": {
                "type": "zip",
                "url": "https://api.github.com/repos/recyger/lib/zipball/5187954310b262826f0b71e7d76a510fa309437d",
                "reference": "5187954310b262826f0b71e7d76a510fa309437d",
                "shasum": ""
            },
            "type": "test-lib",
            "license": [
                "proprietary"
            ],
            "authors": [
                {
                    "name": "author's name",
                    "email": "email@example.com"
                }
            ],
            "description": "description_text",
            "support": {
                "source": "https://github.com/recyger/lib/tree/master",
                "issues": "https://github.com/recyger/lib/issues"
            },
            "time": "2016-04-01 05:47:58"
        }
    ],
    "packages-dev": [],
    "aliases": [],
    "minimum-stability": "stable",
    "stability-flags": {
        "recyger/lib": 20
    },
    "prefer-stable": false,
    "prefer-lowest": false,
    "platform": [],
    "platform-dev": []
}
